// !$*UTF8*$!
{
	archiveVersion = 1;
	classes = {
	};
	objectVersion = 46;
	objects = {

/* Begin PBXBuildFile section */
		842059888A6D72E66C2462D0 /* libPods.a in Frameworks */ = {isa = PBXBuildFile; fileRef = 76A8D7616A2A2DC9A57A445B /* libPods.a */; };
		84558CE11C082439006F33AD /* Main.storyboard in Resources */ = {isa = PBXBuildFile; fileRef = 84558CDF1C082439006F33AD /* Main.storyboard */; };
		84736F3E1C06A0B9004B8439 /* main.m in Sources */ = {isa = PBXBuildFile; fileRef = 84736F3D1C06A0B9004B8439 /* main.m */; };
		84736F411C06A0B9004B8439 /* AppDelegate.m in Sources */ = {isa = PBXBuildFile; fileRef = 84736F401C06A0B9004B8439 /* AppDelegate.m */; };
		84736F441C06A0B9004B8439 /* ViewController.m in Sources */ = {isa = PBXBuildFile; fileRef = 84736F431C06A0B9004B8439 /* ViewController.m */; };
		84736F491C06A0B9004B8439 /* Assets.xcassets in Resources */ = {isa = PBXBuildFile; fileRef = 84736F481C06A0B9004B8439 /* Assets.xcassets */; };
		84736F4C1C06A0B9004B8439 /* LaunchScreen.storyboard in Resources */ = {isa = PBXBuildFile; fileRef = 84736F4A1C06A0B9004B8439 /* LaunchScreen.storyboard */; };
		84736F571C06A0B9004B8439 /* jianchiTests.m in Sources */ = {isa = PBXBuildFile; fileRef = 84736F561C06A0B9004B8439 /* jianchiTests.m */; };
		84736F621C06A0B9004B8439 /* jianchiUITests.m in Sources */ = {isa = PBXBuildFile; fileRef = 84736F611C06A0B9004B8439 /* jianchiUITests.m */; };
		84736F7A1C06EEAE004B8439 /* HomeTableViewController.m in Sources */ = {isa = PBXBuildFile; fileRef = 84736F791C06EEAE004B8439 /* HomeTableViewController.m */; };
/* End PBXBuildFile section */

/* Begin PBXContainerItemProxy section */
		84736F531C06A0B9004B8439 /* PBXContainerItemProxy */ = {
			isa = PBXContainerItemProxy;
			containerPortal = 84736F311C06A0B9004B8439 /* Project object */;
			proxyType = 1;
			remoteGlobalIDString = 84736F381C06A0B9004B8439;
			remoteInfo = jianchi;
		};
		84736F5E1C06A0B9004B8439 /* PBXContainerItemProxy */ = {
			isa = PBXContainerItemProxy;
			containerPortal = 84736F311C06A0B9004B8439 /* Project object */;
			proxyType = 1;
			remoteGlobalIDString = 84736F381C06A0B9004B8439;
			remoteInfo = jianchi;
		};
/* End PBXContainerItemProxy section */

/* Begin PBXFileReference section */
		76A8D7616A2A2DC9A57A445B /* libPods.a */ = {isa = PBXFileReference; explicitFileType = archive.ar; includeInIndex = 0; path = libPods.a; sourceTree = BUILT_PRODUCTS_DIR; };
		771D5D4F12182FC3B03E4DAE /* Pods.release.xcconfig */ = {isa = PBXFileReference; includeInIndex = 1; lastKnownFileType = text.xcconfig; name = Pods.release.xcconfig; path = "Pods/Target Support Files/Pods/Pods.release.xcconfig"; sourceTree = "<group>"; };
		84558CE01C082439006F33AD /* Base */ = {isa = PBXFileReference; lastKnownFileType = file.storyboard; name = Base; path = Base.lproj/Main.storyboard; sourceTree = "<group>"; };
		84736F391C06A0B9004B8439 /* jianchi.app */ = {isa = PBXFileReference; explicitFileType = wrapper.application; includeInIndex = 0; path = jianchi.app; sourceTree = BUILT_PRODUCTS_DIR; };
		84736F3D1C06A0B9004B8439 /* main.m */ = {isa = PBXFileReference; lastKnownFileType = sourcecode.c.objc; path = main.m; sourceTree = "<group>"; };
		84736F3F1C06A0B9004B8439 /* AppDelegate.h */ = {isa = PBXFileReference; lastKnownFileType = sourcecode.c.h; path = AppDelegate.h; sourceTree = "<group>"; };
		84736F401C06A0B9004B8439 /* AppDelegate.m */ = {isa = PBXFileReference; lastKnownFileType = sourcecode.c.objc; path = AppDelegate.m; sourceTree = "<group>"; };
		84736F421C06A0B9004B8439 /* ViewController.h */ = {isa = PBXFileReference; lastKnownFileType = sourcecode.c.h; path = ViewController.h; sourceTree = "<group>"; };
		84736F431C06A0B9004B8439 /* ViewController.m */ = {isa = PBXFileReference; lastKnownFileType = sourcecode.c.objc; path = ViewController.m; sourceTree = "<group>"; };
		84736F481C06A0B9004B8439 /* Assets.xcassets */ = {isa = PBXFileReference; lastKnownFileType = folder.assetcatalog; path = Assets.xcassets; sourceTree = "<group>"; };
		84736F4B1C06A0B9004B8439 /* Base */ = {isa = PBXFileReference; lastKnownFileType = file.storyboard; name = Base; path = Base.lproj/LaunchScreen.storyboard; sourceTree = "<group>"; };
		84736F4D1C06A0B9004B8439 /* Info.plist */ = {isa = PBXFileReference; lastKnownFileType = text.plist.xml; path = Info.plist; sourceTree = "<group>"; };
		84736F521C06A0B9004B8439 /* jianchiTests.xctest */ = {isa = PBXFileReference; explicitFileType = wrapper.cfbundle; includeInIndex = 0; path = jianchiTests.xctest; sourceTree = BUILT_PRODUCTS_DIR; };
		84736F561C06A0B9004B8439 /* jianchiTests.m */ = {isa = PBXFileReference; lastKnownFileType = sourcecode.c.objc; path = jianchiTests.m; sourceTree = "<group>"; };
		84736F581C06A0B9004B8439 /* Info.plist */ = {isa = PBXFileReference; lastKnownFileType = text.plist.xml; path = Info.plist; sourceTree = "<group>"; };
		84736F5D1C06A0B9004B8439 /* jianchiUITests.xctest */ = {isa = PBXFileReference; explicitFileType = wrapper.cfbundle; includeInIndex = 0; path = jianchiUITests.xctest; sourceTree = BUILT_PRODUCTS_DIR; };
		84736F611C06A0B9004B8439 /* jianchiUITests.m */ = {isa = PBXFileReference; lastKnownFileType = sourcecode.c.objc; path = jianchiUITests.m; sourceTree = "<group>"; };
		84736F631C06A0B9004B8439 /* Info.plist */ = {isa = PBXFileReference; lastKnownFileType = text.plist.xml; path = Info.plist; sourceTree = "<group>"; };
		84736F781C06EEAE004B8439 /* HomeTableViewController.h */ = {isa = PBXFileReference; fileEncoding = 4; lastKnownFileType = sourcecode.c.h; path = HomeTableViewController.h; sourceTree = "<group>"; };
		84736F791C06EEAE004B8439 /* HomeTableViewController.m */ = {isa = PBXFileReference; fileEncoding = 4; lastKnownFileType = sourcecode.c.objc; path = HomeTableViewController.m; sourceTree = "<group>"; };
		95E2E56B8E9CC83C07CAA7BA /* Pods.debug.xcconfig */ = {isa = PBXFileReference; includeInIndex = 1; lastKnownFileType = text.xcconfig; name = Pods.debug.xcconfig; path = "Pods/Target Support Files/Pods/Pods.debug.xcconfig"; sourceTree = "<group>"; };
/* End PBXFileReference section */

/* Begin PBXFrameworksBuildPhase section */
		84736F361C06A0B9004B8439 /* Frameworks */ = {
			isa = PBXFrameworksBuildPhase;
			buildActionMask = 2147483647;
			files = (
				842059888A6D72E66C2462D0 /* libPods.a in Frameworks */,
			);
			runOnlyForDeploymentPostprocessing = 0;
		};
		84736F4F1C06A0B9004B8439 /* Frameworks */ = {
			isa = PBXFrameworksBuildPhase;
			buildActionMask = 2147483647;
			files = (
			);
			runOnlyForDeploymentPostprocessing = 0;
		};
		84736F5A1C06A0B9004B8439 /* Frameworks */ = {
			isa = PBXFrameworksBuildPhase;
			buildActionMask = 2147483647;
			files = (
			);
			runOnlyForDeploymentPostprocessing = 0;
		};
/* End PBXFrameworksBuildPhase section */

/* Begin PBXGroup section */
		1D38C7B2CB80717B7DD6DEE4 /* Frameworks */ = {
			isa = PBXGroup;
			children = (
				76A8D7616A2A2DC9A57A445B /* libPods.a */,
			);
			name = Frameworks;
			sourceTree = "<group>";
		};
		84736F301C06A0B9004B8439 = {
			isa = PBXGroup;
			children = (
				84736F3B1C06A0B9004B8439 /* jianchi */,
				84736F551C06A0B9004B8439 /* jianchiTests */,
				84736F601C06A0B9004B8439 /* jianchiUITests */,
				84736F3A1C06A0B9004B8439 /* Products */,
				FAC0582FBCD0EAC969B30F34 /* Pods */,
				1D38C7B2CB80717B7DD6DEE4 /* Frameworks */,
			);
			sourceTree = "<group>";
		};
		84736F3A1C06A0B9004B8439 /* Products */ = {
			isa = PBXGroup;
			children = (
				84736F391C06A0B9004B8439 /* jianchi.app */,
				84736F521C06A0B9004B8439 /* jianchiTests.xctest */,
				84736F5D1C06A0B9004B8439 /* jianchiUITests.xctest */,
			);
			name = Products;
			sourceTree = "<group>";
		};
		84736F3B1C06A0B9004B8439 /* jianchi */ = {
			isa = PBXGroup;
			children = (
				84736F3F1C06A0B9004B8439 /* AppDelegate.h */,
				84736F401C06A0B9004B8439 /* AppDelegate.m */,
				84736F421C06A0B9004B8439 /* ViewController.h */,
				84736F431C06A0B9004B8439 /* ViewController.m */,
				84736F781C06EEAE004B8439 /* HomeTableViewController.h */,
				84736F791C06EEAE004B8439 /* HomeTableViewController.m */,
				84558CDF1C082439006F33AD /* Main.storyboard */,
				84736F481C06A0B9004B8439 /* Assets.xcassets */,
				84736F4A1C06A0B9004B8439 /* LaunchScreen.storyboard */,
				84736F4D1C06A0B9004B8439 /* Info.plist */,
				84736F3C1C06A0B9004B8439 /* Supporting Files */,
			);
			path = jianchi;
			sourceTree = "<group>";
		};
		84736F3C1C06A0B9004B8439 /* Supporting Files */ = {
			isa = PBXGroup;
			children = (
				84736F3D1C06A0B9004B8439 /* main.m */,
			);
			name = "Supporting Files";
			sourceTree = "<group>";
		};
		84736F551C06A0B9004B8439 /* jianchiTests */ = {
			isa = PBXGroup;
			children = (
				84736F561C06A0B9004B8439 /* jianchiTests.m */,
				84736F581C06A0B9004B8439 /* Info.plist */,
			);
			path = jianchiTests;
			sourceTree = "<group>";
		};
		84736F601C06A0B9004B8439 /* jianchiUITests */ = {
			isa = PBXGroup;
			children = (
				84736F611C06A0B9004B8439 /* jianchiUITests.m */,
				84736F631C06A0B9004B8439 /* Info.plist */,
			);
			path = jianchiUITests;
			sourceTree = "<group>";
		};
		FAC0582FBCD0EAC969B30F34 /* Pods */ = {
			isa = PBXGroup;
			children = (
				95E2E56B8E9CC83C07CAA7BA /* Pods.debug.xcconfig */,
				771D5D4F12182FC3B03E4DAE /* Pods.release.xcconfig */,
			);
			name = Pods;
			sourceTree = "<group>";
		};
/* End PBXGroup section */

/* Begin PBXNativeTarget section */
		84736F381C06A0B9004B8439 /* jianchi */ = {
			isa = PBXNativeTarget;
			buildConfigurationList = 84736F661C06A0B9004B8439 /* Build configuration list for PBXNativeTarget "jianchi" */;
			buildPhases = (
				291462855045F650CE98C58E /* Check Pods Manifest.lock */,
				84736F351C06A0B9004B8439 /* Sources */,
				84736F361C06A0B9004B8439 /* Frameworks */,
				84736F371C06A0B9004B8439 /* Resources */,
				CE8CFF5B42C80629FDAD4D3D /* Embed Pods Frameworks */,
				DFFAE86C76A2A9ADEC6814FB /* Copy Pods Resources */,
			);
			buildRules = (
			);
			dependencies = (
			);
			name = jianchi;
			productName = jianchi;
			productReference = 84736F391C06A0B9004B8439 /* jianchi.app */;
			productType = "com.apple.product-type.application";
		};
		84736F511C06A0B9004B8439 /* jianchiTests */ = {
			isa = PBXNativeTarget;
			buildConfigurationList = 84736F691C06A0B9004B8439 /* Build configuration list for PBXNativeTarget "jianchiTests" */;
			buildPhases = (
				84736F4E1C06A0B9004B8439 /* Sources */,
				84736F4F1C06A0B9004B8439 /* Frameworks */,
				84736F501C06A0B9004B8439 /* Resources */,
			);
			buildRules = (
			);
			dependencies = (
				84736F541C06A0B9004B8439 /* PBXTargetDependency */,
			);
			name = jianchiTests;
			productName = jianchiTests;
			productReference = 84736F521C06A0B9004B8439 /* jianchiTests.xctest */;
			productType = "com.apple.product-type.bundle.unit-test";
		};
		84736F5C1C06A0B9004B8439 /* jianchiUITests */ = {
			isa = PBXNativeTarget;
			buildConfigurationList = 84736F6C1C06A0B9004B8439 /* Build configuration list for PBXNativeTarget "jianchiUITests" */;
			buildPhases = (
				84736F591C06A0B9004B8439 /* Sources */,
				84736F5A1C06A0B9004B8439 /* Frameworks */,
				84736F5B1C06A0B9004B8439 /* Resources */,
			);
			buildRules = (
			);
			dependencies = (
				84736F5F1C06A0B9004B8439 /* PBXTargetDependency */,
			);
			name = jianchiUITests;
			productName = jianchiUITests;
			productReference = 84736F5D1C06A0B9004B8439 /* jianchiUITests.xctest */;
			productType = "com.apple.product-type.bundle.ui-testing";
		};
/* End PBXNativeTarget section */

/* Begin PBXProject section */
		84736F311C06A0B9004B8439 /* Project object */ = {
			isa = PBXProject;
			attributes = {
				LastUpgradeCheck = 0700;
				ORGANIZATIONNAME = a;
				TargetAttributes = {
					84736F381C06A0B9004B8439 = {
						CreatedOnToolsVersion = 7.0;
					};
					84736F511C06A0B9004B8439 = {
						CreatedOnToolsVersion = 7.0;
						TestTargetID = 84736F381C06A0B9004B8439;
					};
					84736F5C1C06A0B9004B8439 = {
						CreatedOnToolsVersion = 7.0;
						TestTargetID = 84736F381C06A0B9004B8439;
					};
				};
			};
			buildConfigurationList = 84736F341C06A0B9004B8439 /* Build configuration list for PBXProject "jianchi" */;
			compatibilityVersion = "Xcode 3.2";
			developmentRegion = English;
			hasScannedForEncodings = 0;
			knownRegions = (
				en,
				Base,
			);
			mainGroup = 84736F301C06A0B9004B8439;
			productRefGroup = 84736F3A1C06A0B9004B8439 /* Products */;
			projectDirPath = "";
			projectRoot = "";
			targets = (
				84736F381C06A0B9004B8439 /* jianchi */,
				84736F511C06A0B9004B8439 /* jianchiTests */,
				84736F5C1C06A0B9004B8439 /* jianchiUITests */,
			);
		};
/* End PBXProject section */

/* Begin PBXResourcesBuildPhase section */
		84736F371C06A0B9004B8439 /* Resources */ = {
			isa = PBXResourcesBuildPhase;
			buildActionMask = 2147483647;
			files = (
				84558CE11C082439006F33AD /* Main.storyboard in Resources */,
				84736F4C1C06A0B9004B8439 /* LaunchScreen.storyboard in Resources */,
				84736F491C06A0B9004B8439 /* Assets.xcassets in Resources */,
			);
			runOnlyForDeploymentPostprocessing = 0;
		};
		84736F501C06A0B9004B8439 /* Resources */ = {
			isa = PBXResourcesBuildPhase;
			buildActionMask = 2147483647;
			files = (
			);
			runOnlyForDeploymentPostprocessing = 0;
		};
		84736F5B1C06A0B9004B8439 /* Resources */ = {
			isa = PBXResourcesBuildPhase;
			buildActionMask = 2147483647;
			files = (
			);
			runOnlyForDeploymentPostprocessing = 0;
		};
/* End PBXResourcesBuildPhase section */

/* Begin PBXShellScriptBuildPhase section */
		291462855045F650CE98C58E /* Check Pods Manifest.lock */ = {
			isa = PBXShellScriptBuildPhase;
			buildActionMask = 2147483647;
			files = (
			);
			inputPaths = (
			);
			name = "Check Pods Manifest.lock";
			outputPaths = (
			);
			runOnlyForDeploymentPostprocessing = 0;
			shellPath = /bin/sh;
			shellScript = "diff \"${PODS_ROOT}/../Podfile.lock\" \"${PODS_ROOT}/Manifest.lock\" > /dev/null\nif [[ $? != 0 ]] ; then\n    cat << EOM\nerror: The sandbox is not in sync with the Podfile.lock. Run 'pod install' or update your CocoaPods installation.\nEOM\n    exit 1\nfi\n";
			showEnvVarsInLog = 0;
		};
		CE8CFF5B42C80629FDAD4D3D /* Embed Pods Frameworks */ = {
			isa = PBXShellScriptBuildPhase;
			buildActionMask = 2147483647;
			files = (
			);
			inputPaths = (
			);
			name = "Embed Pods Frameworks";
			outputPaths = (
			);
			runOnlyForDeploymentPostprocessing = 0;
			shellPath = /bin/sh;
			shellScript = "\"${SRCROOT}/Pods/Target Support Files/Pods/Pods-frameworks.sh\"\n";
			showEnvVarsInLog = 0;
		};
		DFFAE86C76A2A9ADEC6814FB /* Copy Pods Resources */ = {
			isa = PBXShellScriptBuildPhase;
			buildActionMask = 2147483647;
			files = (
			);
			inputPaths = (
			);
			name = "Copy Pods Resources";
			outputPaths = (
			);
			runOnlyForDeploymentPostprocessing = 0;
			shellPath = /bin/sh;
			shellScript = "\"${SRCROOT}/Pods/Target Support Files/Pods/Pods-resources.sh\"\n";
			showEnvVarsInLog = 0;
		};
/* End PBXShellScriptBuildPhase section */

/* Begin PBXSourcesBuildPhase section */
		84736F351C06A0B9004B8439 /* Sources */ = {
			isa = PBXSourcesBuildPhase;
			buildActionMask = 2147483647;
			files = (
				84736F7A1C06EEAE004B8439 /* HomeTableViewController.m in Sources */,
				84736F441C06A0B9004B8439 /* ViewController.m in Sources */,
				84736F411C06A0B9004B8439 /* AppDelegate.m in Sources */,
				84736F3E1C06A0B9004B8439 /* main.m in Sources */,
			);
			runOnlyForDeploymentPostprocessing = 0;
		};
		84736F4E1C06A0B9004B8439 /* Sources */ = {
			isa = PBXSourcesBuildPhase;
			buildActionMask = 2147483647;
			files = (
				84736F571C06A0B9004B8439 /* jianchiTests.m in Sources */,
			);
			runOnlyForDeploymentPostprocessing = 0;
		};
		84736F591C06A0B9004B8439 /* Sources */ = {
			isa = PBXSourcesBuildPhase;
			buildActionMask = 2147483647;
			files = (
				84736F621C06A0B9004B8439 /* jianchiUITests.m in Sources */,
			);
			runOnlyForDeploymentPostprocessing = 0;
		};
/* End PBXSourcesBuildPhase section */

/* Begin PBXTargetDependency section */
		84736F541C06A0B9004B8439 /* PBXTargetDependency */ = {
			isa = PBXTargetDependency;
			target = 84736F381C06A0B9004B8439 /* jianchi */;
			targetProxy = 84736F531C06A0B9004B8439 /* PBXContainerItemProxy */;
		};
		84736F5F1C06A0B9004B8439 /* PBXTargetDependency */ = {
			isa = PBXTargetDependency;
			target = 84736F381C06A0B9004B8439 /* jianchi */;
			targetProxy = 84736F5E1C06A0B9004B8439 /* PBXContainerItemProxy */;
		};
/* End PBXTargetDependency section */

/* Begin PBXVariantGroup section */
		84558CDF1C082439006F33AD /* Main.storyboard */ = {
			isa = PBXVariantGroup;
			children = (
				84558CE01C082439006F33AD /* Base */,
			);
			name = Main.storyboard;
			sourceTree = "<group>";
		};
		84736F4A1C06A0B9004B8439 /* LaunchScreen.storyboard */ = {
			isa = PBXVariantGroup;
			children = (
				84736F4B1C06A0B9004B8439 /* Base */,
			);
			name = LaunchScreen.storyboard;
			sourceTree = "<group>";
		};
/* End PBXVariantGroup section */

/* Begin XCBuildConfiguration section */
		84736F641C06A0B9004B8439 /* Debug */ = {
			isa = XCBuildConfiguration;
			buildSettings = {
				ALWAYS_SEARCH_USER_PATHS = NO;
				CLANG_CXX_LANGUAGE_STANDARD = "gnu++0x";
				CLANG_CXX_LIBRARY = "libc++";
				CLANG_ENABLE_MODULES = YES;
				CLANG_ENABLE_OBJC_ARC = YES;
				CLANG_WARN_BOOL_CONVERSION = YES;
				CLANG_WARN_CONSTANT_CONVERSION = YES;
				CLANG_WARN_DIRECT_OBJC_ISA_USAGE = YES_ERROR;
				CLANG_WARN_EMPTY_BODY = YES;
				CLANG_WARN_ENUM_CONVERSION = YES;
				CLANG_WARN_INT_CONVERSION = YES;
				CLANG_WARN_OBJC_ROOT_CLASS = YES_ERROR;
				CLANG_WARN_UNREACHABLE_CODE = YES;
				CLANG_WARN__DUPLICATE_METHOD_MATCH = YES;
				"CODE_SIGN_IDENTITY[sdk=iphoneos*]" = "iPhone Developer";
				COPY_PHASE_STRIP = NO;
				DEBUG_INFORMATION_FORMAT = dwarf;
				ENABLE_STRICT_OBJC_MSGSEND = YES;
				ENABLE_TESTABILITY = YES;
				GCC_C_LANGUAGE_STANDARD = gnu99;
				GCC_DYNAMIC_NO_PIC = NO;
				GCC_NO_COMMON_BLOCKS = YES;
				GCC_OPTIMIZATION_LEVEL = 0;
				GCC_PREPROCESSOR_DEFINITIONS = (
					"DEBUG=1",
					"$(inherited)",
				);
				GCC_WARN_64_TO_32_BIT_CONVERSION = YES;
				GCC_WARN_ABOUT_RETURN_TYPE = YES_ERROR;
				GCC_WARN_UNDECLARED_SELECTOR = YES;
				GCC_WARN_UNINITIALIZED_AUTOS = YES_AGGRESSIVE;
				GCC_WARN_UNUSED_FUNCTION = YES;
				GCC_WARN_UNUSED_VARIABLE = YES;
				IPHONEOS_DEPLOYMENT_TARGET = 9.0;
				MTL_ENABLE_DEBUG_INFO = YES;
				ONLY_ACTIVE_ARCH = YES;
				SDKROOT = iphoneos;
			};
			name = Debug;
		};
		84736F651C06A0B9004B8439 /* Release */ = {
			isa = XCBuildConfiguration;
			buildSettings = {
				ALWAYS_SEARCH_USER_PATHS = NO;
				CLANG_CXX_LANGUAGE_STANDARD = "gnu++0x";
				CLANG_CXX_LIBRARY = "libc++";
				CLANG_ENABLE_MODULES = YES;
				CLANG_ENABLE_OBJC_ARC = YES;
				CLANG_WARN_BOOL_CONVERSION = YES;
				CLANG_WARN_CONSTANT_CONVERSION = YES;
				CLANG_WARN_DIRECT_OBJC_ISA_USAGE = YES_ERROR;
				CLANG_WARN_EMPTY_BODY = YES;
				CLANG_WARN_ENUM_CONVERSION = YES;
				CLANG_WARN_INT_CONVERSION = YES;
				CLANG_WARN_OBJC_ROOT_CLASS = YES_ERROR;
				CLANG_WARN_UNREACHABLE_CODE = YES;
				CLANG_WARN__DUPLICATE_METHOD_MATCH = YES;
				"CODE_SIGN_IDENTITY[sdk=iphoneos*]" = "iPhone Developer";
				COPY_PHASE_STRIP = NO;
				DEBUG_INFORMATION_FORMAT = "dwarf-with-dsym";
				ENABLE_NS_ASSERTIONS = NO;
				ENABLE_STRICT_OBJC_MSGSEND = YES;
				GCC_C_LANGUAGE_STANDARD = gnu99;
				GCC_NO_COMMON_BLOCKS = YES;
				GCC_WARN_64_TO_32_BIT_CONVERSION = YES;
				GCC_WARN_ABOUT_RETURN_TYPE = YES_ERROR;
				GCC_WARN_UNDECLARED_SELECTOR = YES;
				GCC_WARN_UNINITIALIZED_AUTOS = YES_AGGRESSIVE;
				GCC_WARN_UNUSED_FUNCTION = YES;
				GCC_WARN_UNUSED_VARIABLE = YES;
				IPHONEOS_DEPLOYMENT_TARGET = 9.0;
				MTL_ENABLE_DEBUG_INFO = NO;
				SDKROOT = iphoneos;
				VALIDATE_PRODUCT = YES;
			};
			name = Release;
		};
		84736F671C06A0B9004B8439 /* Debug */ = {
			isa = XCBuildConfiguration;
			baseConfigurationReference = 95E2E56B8E9CC83C07CAA7BA /* Pods.debug.xcconfig */;
			buildSettings = {
				ASSETCATALOG_COMPILER_APPICON_NAME = AppIcon;
				INFOPLIST_FILE = jianchi/Info.plist;
				IPHONEOS_DEPLOYMENT_TARGET = 7.1;
				LD_RUNPATH_SEARCH_PATHS = "$(inherited) @executable_path/Frameworks";
				PRODUCT_BUNDLE_IDENTIFIER = asd.jianchi;
				PRODUCT_NAME = "$(TARGET_NAME)";
			};
			name = Debug;
		};
		84736F681C06A0B9004B8439 /* Release */ = {
			isa = XCBuildConfiguration;
			baseConfigurationReference = 771D5D4F12182FC3B03E4DAE /* Pods.release.xcconfig */;
			buildSettings = {
				ASSETCATALOG_COMPILER_APPICON_NAME = AppIcon;
				INFOPLIST_FILE = jianchi/Info.plist;
				IPHONEOS_DEPLOYMENT_TARGET = 7.1;
				LD_RUNPATH_SEARCH_PATHS = "$(inherited) @executable_path/Frameworks";
				PRODUCT_BUNDLE_IDENTIFIER = asd.jianchi;
				PRODUCT_NAME = "$(TARGET_NAME)";
			};
			name = Release;
		};
		84736F6A1C06A0B9004B8439 /* Debug */ = {
			isa = XCBuildConfiguration;
			buildSettings = {
				BUNDLE_LOADER = "$(TEST_HOST)";
				INFOPLIST_FILE = jianchiTests/Info.plist;
				LD_RUNPATH_SEARCH_PATHS = "$(inherited) @executable_path/Frameworks @loader_path/Frameworks";
				PRODUCT_BUNDLE_IDENTIFIER = asd.jianchiTests;
				PRODUCT_NAME = "$(TARGET_NAME)";
				TEST_HOST = "$(BUILT_PRODUCTS_DIR)/jianchi.app/jianchi";
			};
			name = Debug;
		};
		84736F6B1C06A0B9004B8439 /* Release */ = {
			isa = XCBuildConfiguration;
			buildSettings = {
				BUNDLE_LOADER = "$(TEST_HOST)";
				INFOPLIST_FILE = jianchiTests/Info.plist;
				LD_RUNPATH_SEARCH_PATHS = "$(inherited) @executable_path/Frameworks @loader_path/Frameworks";
				PRODUCT_BUNDLE_IDENTIFIER = asd.jianchiTests;
				PRODUCT_NAME = "$(TARGET_NAME)";
				TEST_HOST = "$(BUILT_PRODUCTS_DIR)/jianchi.app/jianchi";
			};
			name = Release;
		};
		84736F6D1C06A0B9004B8439 /* Debug */ = {
			isa = XCBuildConfiguration;
			buildSettings = {
				INFOPLIST_FILE = jianchiUITests/Info.plist;
				LD_RUNPATH_SEARCH_PATHS = "$(inherited) @executable_path/Frameworks @loader_path/Frameworks";
				PRODUCT_BUNDLE_IDENTIFIER = asd.jianchiUITests;
				PRODUCT_NAME = "$(TARGET_NAME)";
				TEST_TARGET_NAME = jianchi;
				USES_XCTRUNNER = YES;
			};
			name = Debug;
		};
		84736F6E1C06A0B9004B8439 /* Release */ = {
			isa = XCBuildConfiguration;
			buildSettings = {
				INFOPLIST_FILE = jianchiUITests/Info.plist;
				LD_RUNPATH_SEARCH_PATHS = "$(inherited) @executable_path/Frameworks @loader_path/Frameworks";
				PRODUCT_BUNDLE_IDENTIFIER = asd.jianchiUITests;
				PRODUCT_NAME = "$(TARGET_NAME)";
				TEST_TARGET_NAME = jianchi;
				USES_XCTRUNNER = YES;
			};
			name = Release;
		};
/* End XCBuildConfiguration section */

/* Begin XCConfigurationList section */
		84736F341C06A0B9004B8439 /* Build configuration list for PBXProject "jianchi" */ = {
			isa = XCConfigurationList;
			buildConfigurations = (
				84736F641C06A0B9004B8439 /* Debug */,
				84736F651C06A0B9004B8439 /* Release */,
			);
			defaultConfigurationIsVisible = 0;
			defaultConfigurationName = Release;
		};
		84736F661C06A0B9004B8439 /* Build configuration list for PBXNativeTarget "jianchi" */ = {
			isa = XCConfigurationList;
			buildConfigurations = (
				84736F671C06A0B9004B8439 /* Debug */,
				84736F681C06A0B9004B8439 /* Release */,
			);
			defaultConfigurationIsVisible = 0;
			defaultConfigurationName = Release;
		};
		84736F691C06A0B9004B8439 /* Build configuration list for PBXNativeTarget "jianchiTests" */ = {
			isa = XCConfigurationList;
			buildConfigurations = (
				84736F6A1C06A0B9004B8439 /* Debug */,
				84736F6B1C06A0B9004B8439 /* Release */,
			);
			defaultConfigurationIsVisible = 0;
			defaultConfigurationName = Release;
		};
		84736F6C1C06A0B9004B8439 /* Build configuration list for PBXNativeTarget "jianchiUITests" */ = {
			isa = XCConfigurationList;
			buildConfigurations = (
				84736F6D1C06A0B9004B8439 /* Debug */,
				84736F6E1C06A0B9004B8439 /* Release */,
			);
			defaultConfigurationIsVisible = 0;
			defaultConfigurationName = Release;
		};
/* End XCConfigurationList section */
	};
	rootObject = 84736F311C06A0B9004B8439 /* Project object */;
}
